<?xml version="1.0" encoding="utf-8"?>
<Project ToolsVersion="4.0" xmlns="http://schemas.microsoft.com/developer/msbuild/2003">
  <ItemGroup>
    <Filter Include="Source Files">
      <UniqueIdentifier>{4FC737F1-C7A5-4376-A066-2A32D752A2FF}</UniqueIdentifier>
      <Extensions>cpp;c;cc;cxx;def;odl;idl;hpj;bat;asm;asmx</Extensions>
    </Filter>
    <Filter Include="Header Files">
      <UniqueIdentifier>{93995380-89BD-4b04-88EB-625FBE52EBFB}</UniqueIdentifier>
      <Extensions>h;hh;hpp;hxx;hm;inl;inc;ipp;xsd</Extensions>
    </Filter>
    <Filter Include="Resource Files">
      <UniqueIdentifier>{67DA6AB6-F800-4c08-8B7A-83BB121AAD01}</UniqueIdentifier>
      <Extensions>rc;ico;cur;bmp;dlg;rc2;rct;bin;rgs;gif;jpg;jpeg;jpe;resx;tiff;tif;png;wav;mfcribbon-ms</Extensions>
    </Filter>
    <Filter Include="Game">
      <UniqueIdentifier>{96ef438d-1a61-4e8e-9110-2b78d6b13b18}</UniqueIdentifier>
    </Filter>
    <Filter Include="Art">
      <UniqueIdentifier>{99542e13-f9f5-4981-94b0-3f2a69b1cad2}</UniqueIdentifier>
    </Filter>
    <Filter Include="Level">
      <UniqueIdentifier>{affb0277-3de2-4ee2-8ba6-c115973a2cf2}</UniqueIdentifier>
    </Filter>
  </ItemGroup>
  <ItemGroup>
    <ClCompile Include="main.c">
      <Filter>Source Files</Filter>
    </ClCompile>
    <ClCompile Include="SOURCE\GameState.c">
      <Filter>Resource Files</Filter>
    </ClCompile>
    <ClCompile Include="SOURCE\GameStateInit.c">
      <Filter>Resource Files</Filter>
    </ClCompile>
    <ClCompile Include="SOURCE\Graphics.c">
      <Filter>Resource Files</Filter>
    </ClCompile>
    <ClCompile Include="SOURCE\stdafx.c">
      <Filter>Resource Files</Filter>
    </ClCompile>
    <ClCompile Include="SOURCE\WindowsHelper.c">
      <Filter>Resource Files</Filter>
    </ClCompile>
    <ClCompile Include="SOURCE\Player.c">
      <Filter>Resource Files</Filter>
    </ClCompile>
    <ClCompile Include="SOURCE\InputHandler.c">
      <Filter>Resource Files</Filter>
    </ClCompile>
    <ClCompile Include="SOURCE\LevelHandler.c">
      <Filter>Resource Files</Filter>
    </ClCompile>
    <ClCompile Include="SOURCE\MathLibrary.c">
      <Filter>Resource Files</Filter>
    </ClCompile>
    <ClCompile Include="SOURCE\Object.c">
      <Filter>Resource Files</Filter>
    </ClCompile>
  </ItemGroup>
  <ItemGroup>
    <ClInclude Include="SOURCE\GameState.h">
      <Filter>Header Files</Filter>
    </ClInclude>
    <ClInclude Include="SOURCE\GameStateInit.h">
      <Filter>Header Files</Filter>
    </ClInclude>
    <ClInclude Include="SOURCE\Graphics.h">
      <Filter>Header Files</Filter>
    </ClInclude>
    <ClInclude Include="SOURCE\stdafx.h">
      <Filter>Header Files</Filter>
    </ClInclude>
    <ClInclude Include="SOURCE\WindowsHelper.h">
      <Filter>Header Files</Filter>
    </ClInclude>
    <ClInclude Include="SOURCE\Player.h">
      <Filter>Header Files</Filter>
    </ClInclude>
    <ClInclude Include="SOURCE\InputHandler.h">
      <Filter>Header Files</Filter>
    </ClInclude>
    <ClInclude Include="SOURCE\LevelHandler.h">
      <Filter>Header Files</Filter>
    </ClInclude>
    <ClInclude Include="SOURCE\MathLibrary.h">
      <Filter>Header Files</Filter>
    </ClInclude>
    <ClInclude Include="SOURCE\Object.h">
      <Filter>Header Files</Filter>
    </ClInclude>
  </ItemGroup>
  <ItemGroup>
    <Text Include="SOURCE\Text Files\digipenlogo.txt">
      <Filter>Art</Filter>
    </Text>
    <Text Include="SOURCE\ART\MOCHI_ASSET_DigipenLogo_V01.txt">
      <Filter>Art</Filter>
    </Text>
    <Text Include="SOURCE\LEVELS\mochi_level_1.txt">
      <Filter>Level</Filter>
    </Text>
  </ItemGroup>
</Project>